// !$*UTF8*$!
{
	archiveVersion = 1;
	classes = {
	};
	objectVersion = 56;
	objects = {

/* Begin PBXBuildFile section */
		30BF8E3D2ACF446800C8DBCE /* Assets.xcassets in Resources */ = {isa = PBXBuildFile; fileRef = 30BF8E212ACF446800C8DBCE /* Assets.xcassets */; };
		30BF8E3E2ACF446800C8DBCE /* Preview Assets.xcassets in Resources */ = {isa = PBXBuildFile; fileRef = 30BF8E232ACF446800C8DBCE /* Preview Assets.xcassets */; };
		30BF8E3F2ACF446800C8DBCE /* BHSmartHomeSDK_SampleProjectApp.swift in Sources */ = {isa = PBXBuildFile; fileRef = 30BF8E242ACF446800C8DBCE /* BHSmartHomeSDK_SampleProjectApp.swift */; };
		30BF8E402ACF446800C8DBCE /* ConnectionViewModel.swift in Sources */ = {isa = PBXBuildFile; fileRef = 30BF8E272ACF446800C8DBCE /* ConnectionViewModel.swift */; };
		30BF8E412ACF446800C8DBCE /* ConnectionView.swift in Sources */ = {isa = PBXBuildFile; fileRef = 30BF8E282ACF446800C8DBCE /* ConnectionView.swift */; };
		30BF8E422ACF446800C8DBCE /* LockViewModel.swift in Sources */ = {isa = PBXBuildFile; fileRef = 30BF8E2B2ACF446800C8DBCE /* LockViewModel.swift */; };
		30BF8E432ACF446800C8DBCE /* LockView.swift in Sources */ = {isa = PBXBuildFile; fileRef = 30BF8E2C2ACF446800C8DBCE /* LockView.swift */; };
		30BF8E442ACF446800C8DBCE /* ThermostatMode.swift in Sources */ = {isa = PBXBuildFile; fileRef = 30BF8E2E2ACF446800C8DBCE /* ThermostatMode.swift */; };
		30BF8E452ACF446800C8DBCE /* ThermostatViewModel.swift in Sources */ = {isa = PBXBuildFile; fileRef = 30BF8E2F2ACF446800C8DBCE /* ThermostatViewModel.swift */; };
		30BF8E462ACF446800C8DBCE /* ThermostatView.swift in Sources */ = {isa = PBXBuildFile; fileRef = 30BF8E302ACF446800C8DBCE /* ThermostatView.swift */; };
		30BF8E472ACF446800C8DBCE /* LightSwitchViewModel.swift in Sources */ = {isa = PBXBuildFile; fileRef = 30BF8E322ACF446800C8DBCE /* LightSwitchViewModel.swift */; };
		30BF8E482ACF446800C8DBCE /* LightSwitchView.swift in Sources */ = {isa = PBXBuildFile; fileRef = 30BF8E332ACF446800C8DBCE /* LightSwitchView.swift */; };
		30BF8E492ACF446800C8DBCE /* DimmerView.swift in Sources */ = {isa = PBXBuildFile; fileRef = 30BF8E352ACF446800C8DBCE /* DimmerView.swift */; };
		30BF8E4A2ACF446800C8DBCE /* DimmerViewModel.swift in Sources */ = {isa = PBXBuildFile; fileRef = 30BF8E362ACF446800C8DBCE /* DimmerViewModel.swift */; };
		30BF8E4B2ACF446800C8DBCE /* GatewaysViewModel.swift in Sources */ = {isa = PBXBuildFile; fileRef = 30BF8E382ACF446800C8DBCE /* GatewaysViewModel.swift */; };
		30BF8E4C2ACF446800C8DBCE /* GatewaysView.swift in Sources */ = {isa = PBXBuildFile; fileRef = 30BF8E392ACF446800C8DBCE /* GatewaysView.swift */; };
		30BF8E4D2ACF446800C8DBCE /* DevicesViewModel.swift in Sources */ = {isa = PBXBuildFile; fileRef = 30BF8E3B2ACF446800C8DBCE /* DevicesViewModel.swift */; };
		30BF8E4E2ACF446800C8DBCE /* DevicesView.swift in Sources */ = {isa = PBXBuildFile; fileRef = 30BF8E3C2ACF446800C8DBCE /* DevicesView.swift */; };
		30BF8E872AD0466300C8DBCE /* MotionSensorView.swift in Sources */ = {isa = PBXBuildFile; fileRef = 30BF8E862AD0466300C8DBCE /* MotionSensorView.swift */; };
		30BF8E892AD0466C00C8DBCE /* MotionSensorViewModel.swift in Sources */ = {isa = PBXBuildFile; fileRef = 30BF8E882AD0466C00C8DBCE /* MotionSensorViewModel.swift */; };
		30BF8E8E2AD0A26000C8DBCE /* BHSmartHomeFramework.xcframework in Frameworks */ = {isa = PBXBuildFile; fileRef = 30BF8E8D2AD0A26000C8DBCE /* BHSmartHomeFramework.xcframework */; };
		30BF8E8F2AD0A26000C8DBCE /* BHSmartHomeFramework.xcframework in Embed Frameworks */ = {isa = PBXBuildFile; fileRef = 30BF8E8D2AD0A26000C8DBCE /* BHSmartHomeFramework.xcframework */; settings = {ATTRIBUTES = (CodeSignOnCopy, RemoveHeadersOnCopy, ); }; };
/* End PBXBuildFile section */

/* Begin PBXCopyFilesBuildPhase section */
		30BF8E8C2AD051DB00C8DBCE /* Embed Frameworks */ = {
			isa = PBXCopyFilesBuildPhase;
			buildActionMask = 2147483647;
			dstPath = "";
			dstSubfolderSpec = 10;
			files = (
				30BF8E8F2AD0A26000C8DBCE /* BHSmartHomeFramework.xcframework in Embed Frameworks */,
			);
			name = "Embed Frameworks";
			runOnlyForDeploymentPostprocessing = 0;
		};
/* End PBXCopyFilesBuildPhase section */

/* Begin PBXFileReference section */
		30BF8E212ACF446800C8DBCE /* Assets.xcassets */ = {isa = PBXFileReference; lastKnownFileType = folder.assetcatalog; path = Assets.xcassets; sourceTree = "<group>"; };
		30BF8E232ACF446800C8DBCE /* Preview Assets.xcassets */ = {isa = PBXFileReference; lastKnownFileType = folder.assetcatalog; path = "Preview Assets.xcassets"; sourceTree = "<group>"; };
		30BF8E242ACF446800C8DBCE /* BHSmartHomeSDK_SampleProjectApp.swift */ = {isa = PBXFileReference; fileEncoding = 4; lastKnownFileType = sourcecode.swift; path = BHSmartHomeSDK_SampleProjectApp.swift; sourceTree = "<group>"; };
		30BF8E272ACF446800C8DBCE /* ConnectionViewModel.swift */ = {isa = PBXFileReference; fileEncoding = 4; lastKnownFileType = sourcecode.swift; path = ConnectionViewModel.swift; sourceTree = "<group>"; };
		30BF8E282ACF446800C8DBCE /* ConnectionView.swift */ = {isa = PBXFileReference; fileEncoding = 4; lastKnownFileType = sourcecode.swift; path = ConnectionView.swift; sourceTree = "<group>"; };
		30BF8E2B2ACF446800C8DBCE /* LockViewModel.swift */ = {isa = PBXFileReference; fileEncoding = 4; lastKnownFileType = sourcecode.swift; path = LockViewModel.swift; sourceTree = "<group>"; };
		30BF8E2C2ACF446800C8DBCE /* LockView.swift */ = {isa = PBXFileReference; fileEncoding = 4; lastKnownFileType = sourcecode.swift; path = LockView.swift; sourceTree = "<group>"; };
		30BF8E2E2ACF446800C8DBCE /* ThermostatMode.swift */ = {isa = PBXFileReference; fileEncoding = 4; lastKnownFileType = sourcecode.swift; path = ThermostatMode.swift; sourceTree = "<group>"; };
		30BF8E2F2ACF446800C8DBCE /* ThermostatViewModel.swift */ = {isa = PBXFileReference; fileEncoding = 4; lastKnownFileType = sourcecode.swift; path = ThermostatViewModel.swift; sourceTree = "<group>"; };
		30BF8E302ACF446800C8DBCE /* ThermostatView.swift */ = {isa = PBXFileReference; fileEncoding = 4; lastKnownFileType = sourcecode.swift; path = ThermostatView.swift; sourceTree = "<group>"; };
		30BF8E322ACF446800C8DBCE /* LightSwitchViewModel.swift */ = {isa = PBXFileReference; fileEncoding = 4; lastKnownFileType = sourcecode.swift; path = LightSwitchViewModel.swift; sourceTree = "<group>"; };
		30BF8E332ACF446800C8DBCE /* LightSwitchView.swift */ = {isa = PBXFileReference; fileEncoding = 4; lastKnownFileType = sourcecode.swift; path = LightSwitchView.swift; sourceTree = "<group>"; };
		30BF8E352ACF446800C8DBCE /* DimmerView.swift */ = {isa = PBXFileReference; fileEncoding = 4; lastKnownFileType = sourcecode.swift; path = DimmerView.swift; sourceTree = "<group>"; };
		30BF8E362ACF446800C8DBCE /* DimmerViewModel.swift */ = {isa = PBXFileReference; fileEncoding = 4; lastKnownFileType = sourcecode.swift; path = DimmerViewModel.swift; sourceTree = "<group>"; };
		30BF8E382ACF446800C8DBCE /* GatewaysViewModel.swift */ = {isa = PBXFileReference; fileEncoding = 4; lastKnownFileType = sourcecode.swift; path = GatewaysViewModel.swift; sourceTree = "<group>"; };
		30BF8E392ACF446800C8DBCE /* GatewaysView.swift */ = {isa = PBXFileReference; fileEncoding = 4; lastKnownFileType = sourcecode.swift; path = GatewaysView.swift; sourceTree = "<group>"; };
		30BF8E3B2ACF446800C8DBCE /* DevicesViewModel.swift */ = {isa = PBXFileReference; fileEncoding = 4; lastKnownFileType = sourcecode.swift; path = DevicesViewModel.swift; sourceTree = "<group>"; };
		30BF8E3C2ACF446800C8DBCE /* DevicesView.swift */ = {isa = PBXFileReference; fileEncoding = 4; lastKnownFileType = sourcecode.swift; path = DevicesView.swift; sourceTree = "<group>"; };
		30BF8E862AD0466300C8DBCE /* MotionSensorView.swift */ = {isa = PBXFileReference; lastKnownFileType = sourcecode.swift; path = MotionSensorView.swift; sourceTree = "<group>"; };
		30BF8E882AD0466C00C8DBCE /* MotionSensorViewModel.swift */ = {isa = PBXFileReference; lastKnownFileType = sourcecode.swift; path = MotionSensorViewModel.swift; sourceTree = "<group>"; };
		30BF8E8D2AD0A26000C8DBCE /* BHSmartHomeFramework.xcframework */ = {isa = PBXFileReference; lastKnownFileType = wrapper.xcframework; name = BHSmartHomeFramework.xcframework; path = Framework/BHSmartHomeFramework.xcframework; sourceTree = "<group>"; };
		30DF70B22AC32C9F00290C92 /* BHSmartHomeSDK_SampleProject.app */ = {isa = PBXFileReference; explicitFileType = wrapper.application; includeInIndex = 0; path = BHSmartHomeSDK_SampleProject.app; sourceTree = BUILT_PRODUCTS_DIR; };
/* End PBXFileReference section */

/* Begin PBXFrameworksBuildPhase section */
		30DF70AF2AC32C9F00290C92 /* Frameworks */ = {
			isa = PBXFrameworksBuildPhase;
			buildActionMask = 2147483647;
			files = (
				30BF8E8E2AD0A26000C8DBCE /* BHSmartHomeFramework.xcframework in Frameworks */,
			);
			runOnlyForDeploymentPostprocessing = 0;
		};
/* End PBXFrameworksBuildPhase section */

/* Begin PBXGroup section */
		30BF8E202ACF446800C8DBCE /* BHSmartHomeSDK_SampleProject */ = {
			isa = PBXGroup;
			children = (
				30BF8E212ACF446800C8DBCE /* Assets.xcassets */,
				30BF8E222ACF446800C8DBCE /* Preview Content */,
				30BF8E242ACF446800C8DBCE /* BHSmartHomeSDK_SampleProjectApp.swift */,
				30BF8E252ACF446800C8DBCE /* Views */,
			);
			path = BHSmartHomeSDK_SampleProject;
			sourceTree = "<group>";
		};
		30BF8E222ACF446800C8DBCE /* Preview Content */ = {
			isa = PBXGroup;
			children = (
				30BF8E232ACF446800C8DBCE /* Preview Assets.xcassets */,
			);
			path = "Preview Content";
			sourceTree = "<group>";
		};
		30BF8E252ACF446800C8DBCE /* Views */ = {
			isa = PBXGroup;
			children = (
				30BF8E262ACF446800C8DBCE /* Connection */,
				30BF8E292ACF446800C8DBCE /* DeviceDetailView */,
				30BF8E372ACF446800C8DBCE /* Gateways */,
				30BF8E3A2ACF446800C8DBCE /* Devices */,
			);
			path = Views;
			sourceTree = "<group>";
		};
		30BF8E262ACF446800C8DBCE /* Connection */ = {
			isa = PBXGroup;
			children = (
				30BF8E272ACF446800C8DBCE /* ConnectionViewModel.swift */,
				30BF8E282ACF446800C8DBCE /* ConnectionView.swift */,
			);
			path = Connection;
			sourceTree = "<group>";
		};
		30BF8E292ACF446800C8DBCE /* DeviceDetailView */ = {
			isa = PBXGroup;
			children = (
				30BF8E2A2ACF446800C8DBCE /* Lock */,
				30BF8E2D2ACF446800C8DBCE /* Thermostat */,
				30BF8E312ACF446800C8DBCE /* Switch */,
				30BF8E342ACF446800C8DBCE /* Dimmer */,
				30BF8E852AD0463B00C8DBCE /* MotionSensor */,
			);
			path = DeviceDetailView;
			sourceTree = "<group>";
		};
		30BF8E2A2ACF446800C8DBCE /* Lock */ = {
			isa = PBXGroup;
			children = (
				30BF8E2B2ACF446800C8DBCE /* LockViewModel.swift */,
				30BF8E2C2ACF446800C8DBCE /* LockView.swift */,
			);
			path = Lock;
			sourceTree = "<group>";
		};
		30BF8E2D2ACF446800C8DBCE /* Thermostat */ = {
			isa = PBXGroup;
			children = (
				30BF8E2E2ACF446800C8DBCE /* ThermostatMode.swift */,
				30BF8E2F2ACF446800C8DBCE /* ThermostatViewModel.swift */,
				30BF8E302ACF446800C8DBCE /* ThermostatView.swift */,
			);
			path = Thermostat;
			sourceTree = "<group>";
		};
		30BF8E312ACF446800C8DBCE /* Switch */ = {
			isa = PBXGroup;
			children = (
				30BF8E322ACF446800C8DBCE /* LightSwitchViewModel.swift */,
				30BF8E332ACF446800C8DBCE /* LightSwitchView.swift */,
			);
			path = Switch;
			sourceTree = "<group>";
		};
		30BF8E342ACF446800C8DBCE /* Dimmer */ = {
			isa = PBXGroup;
			children = (
				30BF8E352ACF446800C8DBCE /* DimmerView.swift */,
				30BF8E362ACF446800C8DBCE /* DimmerViewModel.swift */,
			);
			path = Dimmer;
			sourceTree = "<group>";
		};
		30BF8E372ACF446800C8DBCE /* Gateways */ = {
			isa = PBXGroup;
			children = (
				30BF8E382ACF446800C8DBCE /* GatewaysViewModel.swift */,
				30BF8E392ACF446800C8DBCE /* GatewaysView.swift */,
			);
			path = Gateways;
			sourceTree = "<group>";
		};
		30BF8E3A2ACF446800C8DBCE /* Devices */ = {
			isa = PBXGroup;
			children = (
				30BF8E3B2ACF446800C8DBCE /* DevicesViewModel.swift */,
				30BF8E3C2ACF446800C8DBCE /* DevicesView.swift */,
			);
			path = Devices;
			sourceTree = "<group>";
		};
		30BF8E852AD0463B00C8DBCE /* MotionSensor */ = {
			isa = PBXGroup;
			children = (
				30BF8E862AD0466300C8DBCE /* MotionSensorView.swift */,
				30BF8E882AD0466C00C8DBCE /* MotionSensorViewModel.swift */,
			);
			path = MotionSensor;
			sourceTree = "<group>";
		};
		30DF70A92AC32C9F00290C92 = {
			isa = PBXGroup;
			children = (
				30BF8E202ACF446800C8DBCE /* BHSmartHomeSDK_SampleProject */,
				30DF70B32AC32C9F00290C92 /* Products */,
				30DF70C82AC32D3A00290C92 /* Frameworks */,
			);
			sourceTree = "<group>";
		};
		30DF70B32AC32C9F00290C92 /* Products */ = {
			isa = PBXGroup;
			children = (
				30DF70B22AC32C9F00290C92 /* BHSmartHomeSDK_SampleProject.app */,
			);
			name = Products;
			sourceTree = "<group>";
		};
		30DF70C82AC32D3A00290C92 /* Frameworks */ = {
			isa = PBXGroup;
			children = (
				30BF8E8D2AD0A26000C8DBCE /* BHSmartHomeFramework.xcframework */,
			);
			name = Frameworks;
			sourceTree = "<group>";
		};
/* End PBXGroup section */

/* Begin PBXNativeTarget section */
		30DF70B12AC32C9F00290C92 /* BHSmartHomeSDK_SampleProject */ = {
			isa = PBXNativeTarget;
			buildConfigurationList = 30DF70C02AC32CA000290C92 /* Build configuration list for PBXNativeTarget "BHSmartHomeSDK_SampleProject" */;
			buildPhases = (
				30DF70AE2AC32C9F00290C92 /* Sources */,
				30DF70AF2AC32C9F00290C92 /* Frameworks */,
				30DF70B02AC32C9F00290C92 /* Resources */,
				30BF8E8C2AD051DB00C8DBCE /* Embed Frameworks */,
			);
			buildRules = (
			);
			dependencies = (
			);
			name = BHSmartHomeSDK_SampleProject;
			packageProductDependencies = (
			);
			productName = BHSmartHomeSDK_SampleProject;
			productReference = 30DF70B22AC32C9F00290C92 /* BHSmartHomeSDK_SampleProject.app */;
			productType = "com.apple.product-type.application";
		};
/* End PBXNativeTarget section */

/* Begin PBXProject section */
		30DF70AA2AC32C9F00290C92 /* Project object */ = {
			isa = PBXProject;
			attributes = {
				BuildIndependentTargetsInParallel = 1;
				LastSwiftUpdateCheck = 1430;
				LastUpgradeCheck = 1430;
				TargetAttributes = {
					30DF70B12AC32C9F00290C92 = {
						CreatedOnToolsVersion = 14.3.1;
					};
				};
			};
			buildConfigurationList = 30DF70AD2AC32C9F00290C92 /* Build configuration list for PBXProject "BHSmartHomeSDK_SampleProject" */;
			compatibilityVersion = "Xcode 14.0";
			developmentRegion = en;
			hasScannedForEncodings = 0;
			knownRegions = (
				en,
				Base,
			);
			mainGroup = 30DF70A92AC32C9F00290C92;
			packageReferences = (
			);
			productRefGroup = 30DF70B32AC32C9F00290C92 /* Products */;
			projectDirPath = "";
			projectRoot = "";
			targets = (
				30DF70B12AC32C9F00290C92 /* BHSmartHomeSDK_SampleProject */,
			);
		};
/* End PBXProject section */

/* Begin PBXResourcesBuildPhase section */
		30DF70B02AC32C9F00290C92 /* Resources */ = {
			isa = PBXResourcesBuildPhase;
			buildActionMask = 2147483647;
			files = (
				30BF8E3E2ACF446800C8DBCE /* Preview Assets.xcassets in Resources */,
				30BF8E3D2ACF446800C8DBCE /* Assets.xcassets in Resources */,
			);
			runOnlyForDeploymentPostprocessing = 0;
		};
/* End PBXResourcesBuildPhase section */

/* Begin PBXSourcesBuildPhase section */
		30DF70AE2AC32C9F00290C92 /* Sources */ = {
			isa = PBXSourcesBuildPhase;
			buildActionMask = 2147483647;
			files = (
				30BF8E402ACF446800C8DBCE /* ConnectionViewModel.swift in Sources */,
				30BF8E4D2ACF446800C8DBCE /* DevicesViewModel.swift in Sources */,
				30BF8E872AD0466300C8DBCE /* MotionSensorView.swift in Sources */,
				30BF8E4C2ACF446800C8DBCE /* GatewaysView.swift in Sources */,
				30BF8E492ACF446800C8DBCE /* DimmerView.swift in Sources */,
				30BF8E412ACF446800C8DBCE /* ConnectionView.swift in Sources */,
				30BF8E3F2ACF446800C8DBCE /* BHSmartHomeSDK_SampleProjectApp.swift in Sources */,
				30BF8E472ACF446800C8DBCE /* LightSwitchViewModel.swift in Sources */,
				30BF8E452ACF446800C8DBCE /* ThermostatViewModel.swift in Sources */,
				30BF8E4A2ACF446800C8DBCE /* DimmerViewModel.swift in Sources */,
				30BF8E432ACF446800C8DBCE /* LockView.swift in Sources */,
				30BF8E4E2ACF446800C8DBCE /* DevicesView.swift in Sources */,
				30BF8E892AD0466C00C8DBCE /* MotionSensorViewModel.swift in Sources */,
				30BF8E4B2ACF446800C8DBCE /* GatewaysViewModel.swift in Sources */,
				30BF8E462ACF446800C8DBCE /* ThermostatView.swift in Sources */,
				30BF8E422ACF446800C8DBCE /* LockViewModel.swift in Sources */,
				30BF8E442ACF446800C8DBCE /* ThermostatMode.swift in Sources */,
				30BF8E482ACF446800C8DBCE /* LightSwitchView.swift in Sources */,
			);
			runOnlyForDeploymentPostprocessing = 0;
		};
/* End PBXSourcesBuildPhase section */

/* Begin XCBuildConfiguration section */
		30DF70BE2AC32CA000290C92 /* Debug */ = {
			isa = XCBuildConfiguration;
			buildSettings = {
				ALWAYS_SEARCH_USER_PATHS = NO;
				CLANG_ANALYZER_NONNULL = YES;
				CLANG_ANALYZER_NUMBER_OBJECT_CONVERSION = YES_AGGRESSIVE;
				CLANG_CXX_LANGUAGE_STANDARD = "gnu++20";
				CLANG_ENABLE_MODULES = YES;
				CLANG_ENABLE_OBJC_ARC = YES;
				CLANG_ENABLE_OBJC_WEAK = YES;
				CLANG_WARN_BLOCK_CAPTURE_AUTORELEASING = YES;
				CLANG_WARN_BOOL_CONVERSION = YES;
				CLANG_WARN_COMMA = YES;
				CLANG_WARN_CONSTANT_CONVERSION = YES;
				CLANG_WARN_DEPRECATED_OBJC_IMPLEMENTATIONS = YES;
				CLANG_WARN_DIRECT_OBJC_ISA_USAGE = YES_ERROR;
				CLANG_WARN_DOCUMENTATION_COMMENTS = YES;
				CLANG_WARN_EMPTY_BODY = YES;
				CLANG_WARN_ENUM_CONVERSION = YES;
				CLANG_WARN_INFINITE_RECURSION = YES;
				CLANG_WARN_INT_CONVERSION = YES;
				CLANG_WARN_NON_LITERAL_NULL_CONVERSION = YES;
				CLANG_WARN_OBJC_IMPLICIT_RETAIN_SELF = YES;
				CLANG_WARN_OBJC_LITERAL_CONVERSION = YES;
				CLANG_WARN_OBJC_ROOT_CLASS = YES_ERROR;
				CLANG_WARN_QUOTED_INCLUDE_IN_FRAMEWORK_HEADER = YES;
				CLANG_WARN_RANGE_LOOP_ANALYSIS = YES;
				CLANG_WARN_STRICT_PROTOTYPES = YES;
				CLANG_WARN_SUSPICIOUS_MOVE = YES;
				CLANG_WARN_UNGUARDED_AVAILABILITY = YES_AGGRESSIVE;
				CLANG_WARN_UNREACHABLE_CODE = YES;
				CLANG_WARN__DUPLICATE_METHOD_MATCH = YES;
				COPY_PHASE_STRIP = NO;
				DEBUG_INFORMATION_FORMAT = dwarf;
				ENABLE_STRICT_OBJC_MSGSEND = YES;
				ENABLE_TESTABILITY = YES;
				GCC_C_LANGUAGE_STANDARD = gnu11;
				GCC_DYNAMIC_NO_PIC = NO;
				GCC_NO_COMMON_BLOCKS = YES;
				GCC_OPTIMIZATION_LEVEL = 0;
				GCC_PREPROCESSOR_DEFINITIONS = (
					"DEBUG=1",
					"$(inherited)",
				);
				GCC_WARN_64_TO_32_BIT_CONVERSION = YES;
				GCC_WARN_ABOUT_RETURN_TYPE = YES_ERROR;
				GCC_WARN_UNDECLARED_SELECTOR = YES;
				GCC_WARN_UNINITIALIZED_AUTOS = YES_AGGRESSIVE;
				GCC_WARN_UNUSED_FUNCTION = YES;
				GCC_WARN_UNUSED_VARIABLE = YES;
				IPHONEOS_DEPLOYMENT_TARGET = 16.4;
				MTL_ENABLE_DEBUG_INFO = INCLUDE_SOURCE;
				MTL_FAST_MATH = YES;
				ONLY_ACTIVE_ARCH = YES;
				SDKROOT = iphoneos;
				SWIFT_ACTIVE_COMPILATION_CONDITIONS = DEBUG;
				SWIFT_OPTIMIZATION_LEVEL = "-Onone";
			};
			name = Debug;
		};
		30DF70BF2AC32CA000290C92 /* Release */ = {
			isa = XCBuildConfiguration;
			buildSettings = {
				ALWAYS_SEARCH_USER_PATHS = NO;
				CLANG_ANALYZER_NONNULL = YES;
				CLANG_ANALYZER_NUMBER_OBJECT_CONVERSION = YES_AGGRESSIVE;
				CLANG_CXX_LANGUAGE_STANDARD = "gnu++20";
				CLANG_ENABLE_MODULES = YES;
				CLANG_ENABLE_OBJC_ARC = YES;
				CLANG_ENABLE_OBJC_WEAK = YES;
				CLANG_WARN_BLOCK_CAPTURE_AUTORELEASING = YES;
				CLANG_WARN_BOOL_CONVERSION = YES;
				CLANG_WARN_COMMA = YES;
				CLANG_WARN_CONSTANT_CONVERSION = YES;
				CLANG_WARN_DEPRECATED_OBJC_IMPLEMENTATIONS = YES;
				CLANG_WARN_DIRECT_OBJC_ISA_USAGE = YES_ERROR;
				CLANG_WARN_DOCUMENTATION_COMMENTS = YES;
				CLANG_WARN_EMPTY_BODY = YES;
				CLANG_WARN_ENUM_CONVERSION = YES;
				CLANG_WARN_INFINITE_RECURSION = YES;
				CLANG_WARN_INT_CONVERSION = YES;
				CLANG_WARN_NON_LITERAL_NULL_CONVERSION = YES;
				CLANG_WARN_OBJC_IMPLICIT_RETAIN_SELF = YES;
				CLANG_WARN_OBJC_LITERAL_CONVERSION = YES;
				CLANG_WARN_OBJC_ROOT_CLASS = YES_ERROR;
				CLANG_WARN_QUOTED_INCLUDE_IN_FRAMEWORK_HEADER = YES;
				CLANG_WARN_RANGE_LOOP_ANALYSIS = YES;
				CLANG_WARN_STRICT_PROTOTYPES = YES;
				CLANG_WARN_SUSPICIOUS_MOVE = YES;
				CLANG_WARN_UNGUARDED_AVAILABILITY = YES_AGGRESSIVE;
				CLANG_WARN_UNREACHABLE_CODE = YES;
				CLANG_WARN__DUPLICATE_METHOD_MATCH = YES;
				COPY_PHASE_STRIP = NO;
				DEBUG_INFORMATION_FORMAT = "dwarf-with-dsym";
				ENABLE_NS_ASSERTIONS = NO;
				ENABLE_STRICT_OBJC_MSGSEND = YES;
				GCC_C_LANGUAGE_STANDARD = gnu11;
				GCC_NO_COMMON_BLOCKS = YES;
				GCC_WARN_64_TO_32_BIT_CONVERSION = YES;
				GCC_WARN_ABOUT_RETURN_TYPE = YES_ERROR;
				GCC_WARN_UNDECLARED_SELECTOR = YES;
				GCC_WARN_UNINITIALIZED_AUTOS = YES_AGGRESSIVE;
				GCC_WARN_UNUSED_FUNCTION = YES;
				GCC_WARN_UNUSED_VARIABLE = YES;
				IPHONEOS_DEPLOYMENT_TARGET = 16.4;
				MTL_ENABLE_DEBUG_INFO = NO;
				MTL_FAST_MATH = YES;
				SDKROOT = iphoneos;
				SWIFT_COMPILATION_MODE = wholemodule;
				SWIFT_OPTIMIZATION_LEVEL = "-O";
				VALIDATE_PRODUCT = YES;
			};
			name = Release;
		};
		30DF70C12AC32CA000290C92 /* Debug */ = {
			isa = XCBuildConfiguration;
			buildSettings = {
				ASSETCATALOG_COMPILER_APPICON_NAME = AppIcon;
				ASSETCATALOG_COMPILER_GLOBAL_ACCENT_COLOR_NAME = AccentColor;
				CODE_SIGN_STYLE = Automatic;
				CURRENT_PROJECT_VERSION = 1;
				DEVELOPMENT_ASSET_PATHS = "\"BHSmartHomeSDK_SampleProject/Preview Content\"";
				DEVELOPMENT_TEAM = VL5TRW96TH;
				ENABLE_PREVIEWS = YES;
				GENERATE_INFOPLIST_FILE = YES;
				INFOPLIST_FILE = "BHSmartHomeSDK-SampleProject-Info.plist";
				INFOPLIST_KEY_CFBundleDisplayName = "BH IoT Sample";
				INFOPLIST_KEY_UIApplicationSceneManifest_Generation = YES;
				INFOPLIST_KEY_UIApplicationSupportsIndirectInputEvents = YES;
				INFOPLIST_KEY_UILaunchScreen_Generation = YES;
				INFOPLIST_KEY_UISupportedInterfaceOrientations_iPad = "UIInterfaceOrientationPortrait UIInterfaceOrientationPortraitUpsideDown UIInterfaceOrientationLandscapeLeft UIInterfaceOrientationLandscapeRight";
				INFOPLIST_KEY_UISupportedInterfaceOrientations_iPhone = "UIInterfaceOrientationPortrait UIInterfaceOrientationLandscapeLeft UIInterfaceOrientationLandscapeRight";
				LD_RUNPATH_SEARCH_PATHS = (
					"$(inherited)",
					"@executable_path/Frameworks",
				);
				MARKETING_VERSION = 1.0;
				PRODUCT_BUNDLE_IDENTIFIER = "com.bh247.BHSmartHomeSDK-SampleProject";
				PRODUCT_NAME = "$(TARGET_NAME)";
				SWIFT_EMIT_LOC_STRINGS = YES;
				SWIFT_VERSION = 5.0;
				TARGETED_DEVICE_FAMILY = "1,2";
			};
			name = Debug;
		};
		30DF70C22AC32CA000290C92 /* Release */ = {
			isa = XCBuildConfiguration;
			buildSettings = {
				ASSETCATALOG_COMPILER_APPICON_NAME = AppIcon;
				ASSETCATALOG_COMPILER_GLOBAL_ACCENT_COLOR_NAME = AccentColor;
				CODE_SIGN_STYLE = Automatic;
				CURRENT_PROJECT_VERSION = 1;
				DEVELOPMENT_ASSET_PATHS = "\"BHSmartHomeSDK_SampleProject/Preview Content\"";
				DEVELOPMENT_TEAM = VL5TRW96TH;
				ENABLE_PREVIEWS = YES;
				GENERATE_INFOPLIST_FILE = YES;
				INFOPLIST_FILE = "BHSmartHomeSDK-SampleProject-Info.plist";
				INFOPLIST_KEY_CFBundleDisplayName = "BH IoT Sample";
				INFOPLIST_KEY_UIApplicationSceneManifest_Generation = YES;
				INFOPLIST_KEY_UIApplicationSupportsIndirectInputEvents = YES;
				INFOPLIST_KEY_UILaunchScreen_Generation = YES;
				INFOPLIST_KEY_UISupportedInterfaceOrientations_iPad = "UIInterfaceOrientationPortrait UIInterfaceOrientationPortraitUpsideDown UIInterfaceOrientationLandscapeLeft UIInterfaceOrientationLandscapeRight";
				INFOPLIST_KEY_UISupportedInterfaceOrientations_iPhone = "UIInterfaceOrientationPortrait UIInterfaceOrientationLandscapeLeft UIInterfaceOrientationLandscapeRight";
				LD_RUNPATH_SEARCH_PATHS = (
					"$(inherited)",
					"@executable_path/Frameworks",
				);
				MARKETING_VERSION = 1.0;
				PRODUCT_BUNDLE_IDENTIFIER = "com.bh247.BHSmartHomeSDK-SampleProject";
				PRODUCT_NAME = "$(TARGET_NAME)";
				SWIFT_EMIT_LOC_STRINGS = YES;
				SWIFT_VERSION = 5.0;
				TARGETED_DEVICE_FAMILY = "1,2";
			};
			name = Release;
		};
/* End XCBuildConfiguration section */

/* Begin XCConfigurationList section */
		30DF70AD2AC32C9F00290C92 /* Build configuration list for PBXProject "BHSmartHomeSDK_SampleProject" */ = {
			isa = XCConfigurationList;
			buildConfigurations = (
				30DF70BE2AC32CA000290C92 /* Debug */,
				30DF70BF2AC32CA000290C92 /* Release */,
			);
			defaultConfigurationIsVisible = 0;
			defaultConfigurationName = Release;
		};
		30DF70C02AC32CA000290C92 /* Build configuration list for PBXNativeTarget "BHSmartHomeSDK_SampleProject" */ = {
			isa = XCConfigurationList;
			buildConfigurations = (
				30DF70C12AC32CA000290C92 /* Debug */,
				30DF70C22AC32CA000290C92 /* Release */,
			);
			defaultConfigurationIsVisible = 0;
			defaultConfigurationName = Release;
		};
/* End XCConfigurationList section */
	};
	rootObject = 30DF70AA2AC32C9F00290C92 /* Project object */;
}
